// !$*UTF8*$!
{
	archiveVersion = 1;
	classes = {
	};
	objectVersion = 46;
	objects = {

/* Begin PBXBuildFile section */
		4F9FBA241AC8DC2E009EFB8F /* AppDelegate.m in Sources */ = {isa = PBXBuildFile; fileRef = 4F9FBA231AC8DC2E009EFB8F /* AppDelegate.m */; };
		4F9FBA261AC8DC2E009EFB8F /* main.m in Sources */ = {isa = PBXBuildFile; fileRef = 4F9FBA251AC8DC2E009EFB8F /* main.m */; };
		4F9FBA291AC8DC2E009EFB8F /* ViewController.m in Sources */ = {isa = PBXBuildFile; fileRef = 4F9FBA281AC8DC2E009EFB8F /* ViewController.m */; };
		4F9FBA2B1AC8DC2E009EFB8F /* Images.xcassets in Resources */ = {isa = PBXBuildFile; fileRef = 4F9FBA2A1AC8DC2E009EFB8F /* Images.xcassets */; };
		4F9FBA2E1AC8DC2E009EFB8F /* Main.storyboard in Resources */ = {isa = PBXBuildFile; fileRef = 4F9FBA2C1AC8DC2E009EFB8F /* Main.storyboard */; };
		4F9FBA3A1AC8DC2E009EFB8F /* Load_and_save_DataTests.m in Sources */ = {isa = PBXBuildFile; fileRef = 4F9FBA391AC8DC2E009EFB8F /* Load_and_save_DataTests.m */; };
/* End PBXBuildFile section */

/* Begin PBXContainerItemProxy section */
		4F9FBA341AC8DC2E009EFB8F /* PBXContainerItemProxy */ = {
			isa = PBXContainerItemProxy;
			containerPortal = 4F9FBA151AC8DC2E009EFB8F /* Project object */;
			proxyType = 1;
			remoteGlobalIDString = 4F9FBA1C1AC8DC2E009EFB8F;
			remoteInfo = "Load and save Data";
		};
/* End PBXContainerItemProxy section */

/* Begin PBXFileReference section */
		4F9FBA1D1AC8DC2E009EFB8F /* Load and save Data.app */ = {isa = PBXFileReference; explicitFileType = wrapper.application; includeInIndex = 0; path = "Load and save Data.app"; sourceTree = BUILT_PRODUCTS_DIR; };
		4F9FBA211AC8DC2E009EFB8F /* Info.plist */ = {isa = PBXFileReference; lastKnownFileType = text.plist.xml; path = Info.plist; sourceTree = "<group>"; };
		4F9FBA221AC8DC2E009EFB8F /* AppDelegate.h */ = {isa = PBXFileReference; lastKnownFileType = sourcecode.c.h; path = AppDelegate.h; sourceTree = "<group>"; };
		4F9FBA231AC8DC2E009EFB8F /* AppDelegate.m */ = {isa = PBXFileReference; lastKnownFileType = sourcecode.c.objc; path = AppDelegate.m; sourceTree = "<group>"; };
		4F9FBA251AC8DC2E009EFB8F /* main.m */ = {isa = PBXFileReference; lastKnownFileType = sourcecode.c.objc; path = main.m; sourceTree = "<group>"; };
		4F9FBA271AC8DC2E009EFB8F /* ViewController.h */ = {isa = PBXFileReference; lastKnownFileType = sourcecode.c.h; path = ViewController.h; sourceTree = "<group>"; };
		4F9FBA281AC8DC2E009EFB8F /* ViewController.m */ = {isa = PBXFileReference; lastKnownFileType = sourcecode.c.objc; path = ViewController.m; sourceTree = "<group>"; };
		4F9FBA2A1AC8DC2E009EFB8F /* Images.xcassets */ = {isa = PBXFileReference; lastKnownFileType = folder.assetcatalog; path = Images.xcassets; sourceTree = "<group>"; };
		4F9FBA2D1AC8DC2E009EFB8F /* Base */ = {isa = PBXFileReference; lastKnownFileType = file.storyboard; name = Base; path = Base.lproj/Main.storyboard; sourceTree = "<group>"; };
		4F9FBA331AC8DC2E009EFB8F /* Load and save DataTests.xctest */ = {isa = PBXFileReference; explicitFileType = wrapper.cfbundle; includeInIndex = 0; path = "Load and save DataTests.xctest"; sourceTree = BUILT_PRODUCTS_DIR; };
		4F9FBA381AC8DC2E009EFB8F /* Info.plist */ = {isa = PBXFileReference; lastKnownFileType = text.plist.xml; path = Info.plist; sourceTree = "<group>"; };
		4F9FBA391AC8DC2E009EFB8F /* Load_and_save_DataTests.m */ = {isa = PBXFileReference; lastKnownFileType = sourcecode.c.objc; path = Load_and_save_DataTests.m; sourceTree = "<group>"; };
/* End PBXFileReference section */

/* Begin PBXFrameworksBuildPhase section */
		4F9FBA1A1AC8DC2E009EFB8F /* Frameworks */ = {
			isa = PBXFrameworksBuildPhase;
			buildActionMask = 2147483647;
			files = (
			);
			runOnlyForDeploymentPostprocessing = 0;
		};
		4F9FBA301AC8DC2E009EFB8F /* Frameworks */ = {
			isa = PBXFrameworksBuildPhase;
			buildActionMask = 2147483647;
			files = (
			);
			runOnlyForDeploymentPostprocessing = 0;
		};
/* End PBXFrameworksBuildPhase section */

/* Begin PBXGroup section */
		4F9FBA141AC8DC2E009EFB8F = {
			isa = PBXGroup;
			children = (
				4F9FBA1F1AC8DC2E009EFB8F /* Load and save Data */,
				4F9FBA361AC8DC2E009EFB8F /* Load and save DataTests */,
				4F9FBA1E1AC8DC2E009EFB8F /* Products */,
			);
			sourceTree = "<group>";
		};
		4F9FBA1E1AC8DC2E009EFB8F /* Products */ = {
			isa = PBXGroup;
			children = (
				4F9FBA1D1AC8DC2E009EFB8F /* Load and save Data.app */,
				4F9FBA331AC8DC2E009EFB8F /* Load and save DataTests.xctest */,
			);
			name = Products;
			sourceTree = "<group>";
		};
		4F9FBA1F1AC8DC2E009EFB8F /* Load and save Data */ = {
			isa = PBXGroup;
			children = (
				4F9FBA221AC8DC2E009EFB8F /* AppDelegate.h */,
				4F9FBA231AC8DC2E009EFB8F /* AppDelegate.m */,
				4F9FBA271AC8DC2E009EFB8F /* ViewController.h */,
				4F9FBA281AC8DC2E009EFB8F /* ViewController.m */,
				4F9FBA2A1AC8DC2E009EFB8F /* Images.xcassets */,
				4F9FBA2C1AC8DC2E009EFB8F /* Main.storyboard */,
				4F9FBA201AC8DC2E009EFB8F /* Supporting Files */,
			);
			path = "Load and save Data";
			sourceTree = "<group>";
		};
		4F9FBA201AC8DC2E009EFB8F /* Supporting Files */ = {
			isa = PBXGroup;
			children = (
				4F9FBA211AC8DC2E009EFB8F /* Info.plist */,
				4F9FBA251AC8DC2E009EFB8F /* main.m */,
			);
			name = "Supporting Files";
			sourceTree = "<group>";
		};
		4F9FBA361AC8DC2E009EFB8F /* Load and save DataTests */ = {
			isa = PBXGroup;
			children = (
				4F9FBA391AC8DC2E009EFB8F /* Load_and_save_DataTests.m */,
				4F9FBA371AC8DC2E009EFB8F /* Supporting Files */,
			);
			path = "Load and save DataTests";
			sourceTree = "<group>";
		};
		4F9FBA371AC8DC2E009EFB8F /* Supporting Files */ = {
			isa = PBXGroup;
			children = (
				4F9FBA381AC8DC2E009EFB8F /* Info.plist */,
			);
			name = "Supporting Files";
			sourceTree = "<group>";
		};
/* End PBXGroup section */

/* Begin PBXNativeTarget section */
		4F9FBA1C1AC8DC2E009EFB8F /* Load and save Data */ = {
			isa = PBXNativeTarget;
			buildConfigurationList = 4F9FBA3D1AC8DC2E009EFB8F /* Build configuration list for PBXNativeTarget "Load and save Data" */;
			buildPhases = (
				4F9FBA191AC8DC2E009EFB8F /* Sources */,
				4F9FBA1A1AC8DC2E009EFB8F /* Frameworks */,
				4F9FBA1B1AC8DC2E009EFB8F /* Resources */,
			);
			buildRules = (
			);
			dependencies = (
			);
			name = "Load and save Data";
			productName = "Load and save Data";
			productReference = 4F9FBA1D1AC8DC2E009EFB8F /* Load and save Data.app */;
			productType = "com.apple.product-type.application";
		};
		4F9FBA321AC8DC2E009EFB8F /* Load and save DataTests */ = {
			isa = PBXNativeTarget;
			buildConfigurationList = 4F9FBA401AC8DC2E009EFB8F /* Build configuration list for PBXNativeTarget "Load and save DataTests" */;
			buildPhases = (
				4F9FBA2F1AC8DC2E009EFB8F /* Sources */,
				4F9FBA301AC8DC2E009EFB8F /* Frameworks */,
				4F9FBA311AC8DC2E009EFB8F /* Resources */,
			);
			buildRules = (
			);
			dependencies = (
				4F9FBA351AC8DC2E009EFB8F /* PBXTargetDependency */,
			);
			name = "Load and save DataTests";
			productName = "Load and save DataTests";
			productReference = 4F9FBA331AC8DC2E009EFB8F /* Load and save DataTests.xctest */;
			productType = "com.apple.product-type.bundle.unit-test";
		};
/* End PBXNativeTarget section */

/* Begin PBXProject section */
		4F9FBA151AC8DC2E009EFB8F /* Project object */ = {
			isa = PBXProject;
			attributes = {
				LastUpgradeCheck = 0620;
				ORGANIZATIONNAME = "andrew hazlett";
				TargetAttributes = {
					4F9FBA1C1AC8DC2E009EFB8F = {
						CreatedOnToolsVersion = 6.2;
					};
					4F9FBA321AC8DC2E009EFB8F = {
						CreatedOnToolsVersion = 6.2;
						TestTargetID = 4F9FBA1C1AC8DC2E009EFB8F;
					};
				};
			};
			buildConfigurationList = 4F9FBA181AC8DC2E009EFB8F /* Build configuration list for PBXProject "Load and save Data" */;
			compatibilityVersion = "Xcode 3.2";
			developmentRegion = English;
			hasScannedForEncodings = 0;
			knownRegions = (
				en,
				Base,
			);
			mainGroup = 4F9FBA141AC8DC2E009EFB8F;
			productRefGroup = 4F9FBA1E1AC8DC2E009EFB8F /* Products */;
			projectDirPath = "";
			projectRoot = "";
			targets = (
				4F9FBA1C1AC8DC2E009EFB8F /* Load and save Data */,
				4F9FBA321AC8DC2E009EFB8F /* Load and save DataTests */,
			);
		};
/* End PBXProject section */

/* Begin PBXResourcesBuildPhase section */
		4F9FBA1B1AC8DC2E009EFB8F /* Resources */ = {
			isa = PBXResourcesBuildPhase;
			buildActionMask = 2147483647;
			files = (
				4F9FBA2B1AC8DC2E009EFB8F /* Images.xcassets in Resources */,
				4F9FBA2E1AC8DC2E009EFB8F /* Main.storyboard in Resources */,
			);
			runOnlyForDeploymentPostprocessing = 0;
		};
		4F9FBA311AC8DC2E009EFB8F /* Resources */ = {
			isa = PBXResourcesBuildPhase;
			buildActionMask = 2147483647;
			files = (
			);
			runOnlyForDeploymentPostprocessing = 0;
		};
/* End PBXResourcesBuildPhase section */

/* Begin PBXSourcesBuildPhase section */
		4F9FBA191AC8DC2E009EFB8F /* Sources */ = {
			isa = PBXSourcesBuildPhase;
			buildActionMask = 2147483647;
			files = (
				4F9FBA291AC8DC2E009EFB8F /* ViewController.m in Sources */,
				4F9FBA261AC8DC2E009EFB8F /* main.m in Sources */,
				4F9FBA241AC8DC2E009EFB8F /* AppDelegate.m in Sources */,
			);
			runOnlyForDeploymentPostprocessing = 0;
		};
		4F9FBA2F1AC8DC2E009EFB8F /* Sources */ = {
			isa = PBXSourcesBuildPhase;
			buildActionMask = 2147483647;
			files = (
				4F9FBA3A1AC8DC2E009EFB8F /* Load_and_save_DataTests.m in Sources */,
			);
			runOnlyForDeploymentPostprocessing = 0;
		};
/* End PBXSourcesBuildPhase section */

/* Begin PBXTargetDependency section */
		4F9FBA351AC8DC2E009EFB8F /* PBXTargetDependency */ = {
			isa = PBXTargetDependency;
			target = 4F9FBA1C1AC8DC2E009EFB8F /* Load and save Data */;
			targetProxy = 4F9FBA341AC8DC2E009EFB8F /* PBXContainerItemProxy */;
		};
/* End PBXTargetDependency section */

/* Begin PBXVariantGroup section */
		4F9FBA2C1AC8DC2E009EFB8F /* Main.storyboard */ = {
			isa = PBXVariantGroup;
			children = (
				4F9FBA2D1AC8DC2E009EFB8F /* Base */,
			);
			name = Main.storyboard;
			sourceTree = "<group>";
		};
/* End PBXVariantGroup section */

/* Begin XCBuildConfiguration section */
		4F9FBA3B1AC8DC2E009EFB8F /* Debug */ = {
			isa = XCBuildConfiguration;
			buildSettings = {
				ALWAYS_SEARCH_USER_PATHS = NO;
				CLANG_CXX_LANGUAGE_STANDARD = "gnu++0x";
				CLANG_CXX_LIBRARY = "libc++";
				CLANG_ENABLE_MODULES = YES;
				CLANG_ENABLE_OBJC_ARC = YES;
				CLANG_WARN_BOOL_CONVERSION = YES;
				CLANG_WARN_CONSTANT_CONVERSION = YES;
				CLANG_WARN_DIRECT_OBJC_ISA_USAGE = YES_ERROR;
				CLANG_WARN_EMPTY_BODY = YES;
				CLANG_WARN_ENUM_CONVERSION = YES;
				CLANG_WARN_INT_CONVERSION = YES;
				CLANG_WARN_OBJC_ROOT_CLASS = YES_ERROR;
				CLANG_WARN_UNREACHABLE_CODE = YES;
				CLANG_WARN__DUPLICATE_METHOD_MATCH = YES;
				CODE_SIGN_IDENTITY = "-";
				COPY_PHASE_STRIP = NO;
				ENABLE_STRICT_OBJC_MSGSEND = YES;
				GCC_C_LANGUAGE_STANDARD = gnu99;
				GCC_DYNAMIC_NO_PIC = NO;
				GCC_OPTIMIZATION_LEVEL = 0;
				GCC_PREPROCESSOR_DEFINITIONS = (
					"DEBUG=1",
					"$(inherited)",
				);
				GCC_SYMBOLS_PRIVATE_EXTERN = NO;
				GCC_WARN_64_TO_32_BIT_CONVERSION = YES;
				GCC_WARN_ABOUT_RETURN_TYPE = YES_ERROR;
				GCC_WARN_UNDECLARED_SELECTOR = YES;
				GCC_WARN_UNINITIALIZED_AUTOS = YES_AGGRESSIVE;
				GCC_WARN_UNUSED_FUNCTION = YES;
				GCC_WARN_UNUSED_VARIABLE = YES;
				MACOSX_DEPLOYMENT_TARGET = 10.10;
				MTL_ENABLE_DEBUG_INFO = YES;
				ONLY_ACTIVE_ARCH = YES;
				SDKROOT = macosx;
			};
			name = Debug;
		};
		4F9FBA3C1AC8DC2E009EFB8F /* Release */ = {
			isa = XCBuildConfiguration;
			buildSettings = {
				ALWAYS_SEARCH_USER_PATHS = NO;
				CLANG_CXX_LANGUAGE_STANDARD = "gnu++0x";
				CLANG_CXX_LIBRARY = "libc++";
				CLANG_ENABLE_MODULES = YES;
				CLANG_ENABLE_OBJC_ARC = YES;
				CLANG_WARN_BOOL_CONVERSION = YES;
				CLANG_WARN_CONSTANT_CONVERSION = YES;
				CLANG_WARN_DIRECT_OBJC_ISA_USAGE = YES_ERROR;
				CLANG_WARN_EMPTY_BODY = YES;
				CLANG_WARN_ENUM_CONVERSION = YES;
				CLANG_WARN_INT_CONVERSION = YES;
				CLANG_WARN_OBJC_ROOT_CLASS = YES_ERROR;
				CLANG_WARN_UNREACHABLE_CODE = YES;
				CLANG_WARN__DUPLICATE_METHOD_MATCH = YES;
				CODE_SIGN_IDENTITY = "-";
				COPY_PHASE_STRIP = NO;
				DEBUG_INFORMATION_FORMAT = "dwarf-with-dsym";
				ENABLE_NS_ASSERTIONS = NO;
				ENABLE_STRICT_OBJC_MSGSEND = YES;
				GCC_C_LANGUAGE_STANDARD = gnu99;
				GCC_WARN_64_TO_32_BIT_CONVERSION = YES;
				GCC_WARN_ABOUT_RETURN_TYPE = YES_ERROR;
				GCC_WARN_UNDECLARED_SELECTOR = YES;
				GCC_WARN_UNINITIALIZED_AUTOS = YES_AGGRESSIVE;
				GCC_WARN_UNUSED_FUNCTION = YES;
				GCC_WARN_UNUSED_VARIABLE = YES;
				MACOSX_DEPLOYMENT_TARGET = 10.10;
				MTL_ENABLE_DEBUG_INFO = NO;
				SDKROOT = macosx;
			};
			name = Release;
		};
		4F9FBA3E1AC8DC2E009EFB8F /* Debug */ = {
			isa = XCBuildConfiguration;
			buildSettings = {
				ASSETCATALOG_COMPILER_APPICON_NAME = AppIcon;
				COMBINE_HIDPI_IMAGES = YES;
				INFOPLIST_FILE = "Load and save Data/Info.plist";
				LD_RUNPATH_SEARCH_PATHS = "$(inherited) @executable_path/../Frameworks";
				PRODUCT_NAME = "$(TARGET_NAME)";
			};
			name = Debug;
		};
		4F9FBA3F1AC8DC2E009EFB8F /* Release */ = {
			isa = XCBuildConfiguration;
			buildSettings = {
				ASSETCATALOG_COMPILER_APPICON_NAME = AppIcon;
				COMBINE_HIDPI_IMAGES = YES;
				INFOPLIST_FILE = "Load and save Data/Info.plist";
				LD_RUNPATH_SEARCH_PATHS = "$(inherited) @executable_path/../Frameworks";
				PRODUCT_NAME = "$(TARGET_NAME)";
			};
			name = Release;
		};
		4F9FBA411AC8DC2E009EFB8F /* Debug */ = {
			isa = XCBuildConfiguration;
			buildSettings = {
				BUNDLE_LOADER = "$(TEST_HOST)";
				COMBINE_HIDPI_IMAGES = YES;
				FRAMEWORK_SEARCH_PATHS = (
					"$(DEVELOPER_FRAMEWORKS_DIR)",
					"$(inherited)",
				);
				GCC_PREPROCESSOR_DEFINITIONS = (
					"DEBUG=1",
					"$(inherited)",
				);
				INFOPLIST_FILE = "Load and save DataTests/Info.plist";
				LD_RUNPATH_SEARCH_PATHS = "$(inherited) @executable_path/../Frameworks @loader_path/../Frameworks";
				PRODUCT_NAME = "$(TARGET_NAME)";
				TEST_HOST = "$(BUILT_PRODUCTS_DIR)/Load and save Data.app/Contents/MacOS/Load and save Data";
			};
			name = Debug;
		};
		4F9FBA421AC8DC2E009EFB8F /* Release */ = {
			isa = XCBuildConfiguration;
			buildSettings = {
				BUNDLE_LOADER = "$(TEST_HOST)";
				COMBINE_HIDPI_IMAGES = YES;
				FRAMEWORK_SEARCH_PATHS = (
					"$(DEVELOPER_FRAMEWORKS_DIR)",
					"$(inherited)",
				);
				INFOPLIST_FILE = "Load and save DataTests/Info.plist";
				LD_RUNPATH_SEARCH_PATHS = "$(inherited) @executable_path/../Frameworks @loader_path/../Frameworks";
				PRODUCT_NAME = "$(TARGET_NAME)";
				TEST_HOST = "$(BUILT_PRODUCTS_DIR)/Load and save Data.app/Contents/MacOS/Load and save Data";
			};
			name = Release;
		};
/* End XCBuildConfiguration section */

/* Begin XCConfigurationList section */
		4F9FBA181AC8DC2E009EFB8F /* Build configuration list for PBXProject "Load and save Data" */ = {
			isa = XCConfigurationList;
			buildConfigurations = (
				4F9FBA3B1AC8DC2E009EFB8F /* Debug */,
				4F9FBA3C1AC8DC2E009EFB8F /* Release */,
			);
			defaultConfigurationIsVisible = 0;
			defaultConfigurationName = Release;
		};
		4F9FBA3D1AC8DC2E009EFB8F /* Build configuration list for PBXNativeTarget "Load and save Data" */ = {
			isa = XCConfigurationList;
			buildConfigurations = (
				4F9FBA3E1AC8DC2E009EFB8F /* Debug */,
				4F9FBA3F1AC8DC2E009EFB8F /* Release */,
			);
			defaultConfigurationIsVisible = 0;
		};
		4F9FBA401AC8DC2E009EFB8F /* Build configuration list for PBXNativeTarget "Load and save DataTests" */ = {
			isa = XCConfigurationList;
			buildConfigurations = (
				4F9FBA411AC8DC2E009EFB8F /* Debug */,
				4F9FBA421AC8DC2E009EFB8F /* Release */,
			);
			defaultConfigurationIsVisible = 0;
		};
/* End XCConfigurationList section */
	};
	rootObject = 4F9FBA151AC8DC2E009EFB8F /* Project object */;
}
